
Microsoft Visual Studio Solution File, Format Version 12.00
# Visual Studio Version 16
VisualStudioVersion = 16.0.31729.503
MinimumVisualStudioVersion = 10.0.40219.1
Project("{9A19103F-16F7-4668-BE54-9A1E7A4F7556}") = "TokenGeneratorService", "TokenGeneratorService.csproj", "{4A079985-B1FE-43BE-8BF5-5EC3FB06FDAE}"
EndProject
Project("{9A19103F-16F7-4668-BE54-9A1E7A4F7556}") = "MockWebApi", "..\MockWebApi\MockWebApi.csproj", "{503CF357-D02A-439A-AEDC-F696E46CA5CD}"
EndProject
Global
	GlobalSection(SolutionConfigurationPlatforms) = preSolution
		Debug|Any CPU = Debug|Any CPU
		Release|Any CPU = Release|Any CPU
	EndGlobalSection
	GlobalSection(ProjectConfigurationPlatforms) = postSolution
		{4A079985-B1FE-43BE-8BF5-5EC3FB06FDAE}.Debug|Any CPU.ActiveCfg = Debug|Any CPU
		{4A079985-B1FE-43BE-8BF5-5EC3FB06FDAE}.Debug|Any CPU.Build.0 = Debug|Any CPU
		{4A079985-B1FE-43BE-8BF5-5EC3FB06FDAE}.Release|Any CPU.ActiveCfg = Release|Any CPU
		{4A079985-B1FE-43BE-8BF5-5EC3FB06FDAE}.Release|Any CPU.Build.0 = Release|Any CPU
		{503CF357-D02A-439A-AEDC-F696E46CA5CD}.Debug|Any CPU.ActiveCfg = Debug|Any CPU
		{503CF357-D02A-439A-AEDC-F696E46CA5CD}.Debug|Any CPU.Build.0 = Debug|Any CPU
		{503CF357-D02A-439A-AEDC-F696E46CA5CD}.Release|Any CPU.ActiveCfg = Release|Any CPU
		{503CF357-D02A-439A-AEDC-F696E46CA5CD}.Release|Any CPU.Build.0 = Release|Any CPU
	EndGlobalSection
	GlobalSection(SolutionProperties) = preSolution
		HideSolutionNode = FALSE
	EndGlobalSection
	GlobalSection(ExtensibilityGlobals) = postSolution
		SolutionGuid = {4BC60A1F-E296-4D62-923E-95426ACB1F8B}
	EndGlobalSection
EndGlobal
